<?xml version="1.0" encoding="utf-8"?>
<Project ToolsVersion="4.0" xmlns="http://schemas.microsoft.com/developer/msbuild/2003">
  <ItemGroup>
    <Filter Include="Source Files">
      <UniqueIdentifier>{4FC737F1-C7A5-4376-A066-2A32D752A2FF}</UniqueIdentifier>
      <Extensions>cpp;c;cc;cxx;def;odl;idl;hpj;bat;asm;asmx</Extensions>
    </Filter>
    <Filter Include="Header Files">
      <UniqueIdentifier>{93995380-89BD-4b04-88EB-625FBE52EBFB}</UniqueIdentifier>
      <Extensions>h;hh;hpp;hxx;hm;inl;inc;xsd</Extensions>
    </Filter>
    <Filter Include="Resource Files">
      <UniqueIdentifier>{67DA6AB6-F800-4c08-8B7A-83BB121AAD01}</UniqueIdentifier>
      <Extensions>rc;ico;cur;bmp;dlg;rc2;rct;bin;rgs;gif;jpg;jpeg;jpe;resx;tiff;tif;png;wav;mfcribbon-ms</Extensions>
    </Filter>
    <Filter Include="Source Files\Enemy">
      <UniqueIdentifier>{d881755c-2085-45ff-9072-ce4cd3314d30}</UniqueIdentifier>
    </Filter>
    <Filter Include="Source Files\Effect">
      <UniqueIdentifier>{47b7f363-b49f-4509-b975-8abda4f1cd13}</UniqueIdentifier>
    </Filter>
    <Filter Include="Source Files\StaticObj">
      <UniqueIdentifier>{b8dc3e2e-c5e3-4240-91d0-e4b435508da0}</UniqueIdentifier>
    </Filter>
    <Filter Include="Source Files\Item">
      <UniqueIdentifier>{dd450271-56af-4117-9301-8a13c8ba6fea}</UniqueIdentifier>
    </Filter>
    <Filter Include="Source Files\EnemyWeapon">
      <UniqueIdentifier>{3a0677d9-465c-4e7b-9913-ed7b2082c1f5}</UniqueIdentifier>
    </Filter>
    <Filter Include="Source Files\MarioWeapon">
      <UniqueIdentifier>{343858aa-4dd3-4770-b4ab-44ffeca9fd5f}</UniqueIdentifier>
    </Filter>
    <Filter Include="Source Files\Common">
      <UniqueIdentifier>{d66c6e6c-8d5b-4797-8ba1-dc601c593d5c}</UniqueIdentifier>
    </Filter>
    <Filter Include="Source Files\Mario">
      <UniqueIdentifier>{2f0df138-5482-4c38-82a4-92912dc6d26f}</UniqueIdentifier>
    </Filter>
    <Filter Include="Source Files\Grid">
      <UniqueIdentifier>{4ce0f0cb-e490-463b-9479-42451a4ba98d}</UniqueIdentifier>
    </Filter>
    <Filter Include="Source Files\BoardGame">
      <UniqueIdentifier>{f1f69a39-376b-4c08-b4f4-4fe1e6c7afb8}</UniqueIdentifier>
    </Filter>
  </ItemGroup>
  <ItemGroup>
    <ClCompile Include="main.cpp">
      <Filter>Source Files</Filter>
    </ClCompile>
    <ClCompile Include="Sprites.cpp">
      <Filter>Source Files</Filter>
    </ClCompile>
    <ClCompile Include="Textures.cpp">
      <Filter>Source Files</Filter>
    </ClCompile>
    <ClCompile Include="Scence.cpp">
      <Filter>Source Files</Filter>
    </ClCompile>
    <ClCompile Include="PlayScence.cpp">
      <Filter>Source Files</Filter>
    </ClCompile>
    <ClCompile Include="Animations.cpp">
      <Filter>Source Files</Filter>
    </ClCompile>
    <ClCompile Include="Utils.cpp">
      <Filter>Source Files</Filter>
    </ClCompile>
    <ClCompile Include="Portal.cpp">
      <Filter>Source Files</Filter>
    </ClCompile>
    <ClCompile Include="MapScence.cpp">
      <Filter>Source Files</Filter>
    </ClCompile>
    <ClCompile Include="Map.cpp">
      <Filter>Source Files</Filter>
    </ClCompile>
    <ClCompile Include="Enemy.cpp">
      <Filter>Source Files\Enemy</Filter>
    </ClCompile>
    <ClCompile Include="Goomba.cpp">
      <Filter>Source Files\Enemy</Filter>
    </ClCompile>
    <ClCompile Include="Flower.cpp">
      <Filter>Source Files\Enemy</Filter>
    </ClCompile>
    <ClCompile Include="Koopas.cpp">
      <Filter>Source Files\Enemy</Filter>
    </ClCompile>
    <ClCompile Include="Brick.cpp">
      <Filter>Source Files\StaticObj</Filter>
    </ClCompile>
    <ClCompile Include="CloudBrick.cpp">
      <Filter>Source Files\StaticObj</Filter>
    </ClCompile>
    <ClCompile Include="ColorBox.cpp">
      <Filter>Source Files\StaticObj</Filter>
    </ClCompile>
    <ClCompile Include="Ground.cpp">
      <Filter>Source Files\StaticObj</Filter>
    </ClCompile>
    <ClCompile Include="Item.cpp">
      <Filter>Source Files\Item</Filter>
    </ClCompile>
    <ClCompile Include="FireBullet.cpp">
      <Filter>Source Files\EnemyWeapon</Filter>
    </ClCompile>
    <ClCompile Include="QuestionBrick.cpp">
      <Filter>Source Files\StaticObj</Filter>
    </ClCompile>
    <ClCompile Include="WeakBrick.cpp">
      <Filter>Source Files\StaticObj</Filter>
    </ClCompile>
    <ClCompile Include="MarioWeapon.cpp">
      <Filter>Source Files\MarioWeapon</Filter>
    </ClCompile>
    <ClCompile Include="MarioBullet.cpp">
      <Filter>Source Files\MarioWeapon</Filter>
    </ClCompile>
    <ClCompile Include="GameObject.cpp">
      <Filter>Source Files\Common</Filter>
    </ClCompile>
    <ClCompile Include="Game.cpp">
      <Filter>Source Files\Common</Filter>
    </ClCompile>
    <ClCompile Include="Constant.cpp">
      <Filter>Source Files\Common</Filter>
    </ClCompile>
    <ClCompile Include="Mario.cpp">
      <Filter>Source Files\Mario</Filter>
    </ClCompile>
    <ClCompile Include="Pipe.cpp">
      <Filter>Source Files\StaticObj</Filter>
    </ClCompile>
    <ClCompile Include="Coin.cpp">
      <Filter>Source Files\Item</Filter>
    </ClCompile>
    <ClCompile Include="EffectPoint.cpp">
      <Filter>Source Files\Effect</Filter>
    </ClCompile>
    <ClCompile Include="EffectsFire.cpp">
      <Filter>Source Files\Effect</Filter>
    </ClCompile>
    <ClCompile Include="MarioTail.cpp">
      <Filter>Source Files\MarioWeapon</Filter>
    </ClCompile>
    <ClCompile Include="Leaf.cpp">
      <Filter>Source Files\Item</Filter>
    </ClCompile>
    <ClCompile Include="Mushroom.cpp">
      <Filter>Source Files\Item</Filter>
    </ClCompile>
    <ClCompile Include="ListEffects.cpp">
      <Filter>Source Files\Effect</Filter>
    </ClCompile>
    <ClCompile Include="EffectHitTail.cpp">
      <Filter>Source Files\Effect</Filter>
    </ClCompile>
    <ClCompile Include="P_Switch.cpp">
      <Filter>Source Files</Filter>
    </ClCompile>
    <ClCompile Include="Grid.cpp">
      <Filter>Source Files\Grid</Filter>
    </ClCompile>
    <ClCompile Include="BoardGame.cpp">
      <Filter>Source Files\BoardGame</Filter>
    </ClCompile>
    <ClCompile Include="Number.cpp">
      <Filter>Source Files</Filter>
    </ClCompile>
    <ClCompile Include="PMaxSpeed.cpp">
      <Filter>Source Files\BoardGame</Filter>
    </ClCompile>
    <ClCompile Include="Letter.cpp">
      <Filter>Source Files\BoardGame</Filter>
    </ClCompile>
    <ClCompile Include="CarretSpeed.cpp">
      <Filter>Source Files\BoardGame</Filter>
    </ClCompile>
    <ClCompile Include="BoardAddSprite.cpp">
      <Filter>Source Files\BoardGame</Filter>
    </ClCompile>
  </ItemGroup>
  <ItemGroup>
    <ClInclude Include="Brick.h">
      <Filter>Header Files</Filter>
    </ClInclude>
    <ClInclude Include="Game.h">
      <Filter>Header Files</Filter>
    </ClInclude>
    <ClInclude Include="GameObject.h">
      <Filter>Header Files</Filter>
    </ClInclude>
    <ClInclude Include="Goomba.h">
      <Filter>Header Files</Filter>
    </ClInclude>
    <ClInclude Include="Mario.h">
      <Filter>Header Files</Filter>
    </ClInclude>
    <ClInclude Include="Sprites.h">
      <Filter>Header Files</Filter>
    </ClInclude>
    <ClInclude Include="Textures.h">
      <Filter>Header Files</Filter>
    </ClInclude>
    <ClInclude Include="Scence.h">
      <Filter>Header Files</Filter>
    </ClInclude>
    <ClInclude Include="PlayScence.h">
      <Filter>Header Files</Filter>
    </ClInclude>
    <ClInclude Include="Animations.h">
      <Filter>Header Files</Filter>
    </ClInclude>
    <ClInclude Include="KeyEventHandler.h">
      <Filter>Header Files</Filter>
    </ClInclude>
    <ClInclude Include="Utils.h">
      <Filter>Header Files</Filter>
    </ClInclude>
    <ClInclude Include="Koopas.h">
      <Filter>Header Files</Filter>
    </ClInclude>
    <ClInclude Include="Portal.h">
      <Filter>Header Files</Filter>
    </ClInclude>
    <ClInclude Include="Flower.h">
      <Filter>Header Files</Filter>
    </ClInclude>
    <ClInclude Include="Constant.h">
      <Filter>Header Files</Filter>
    </ClInclude>
    <ClInclude Include="MapScence.h">
      <Filter>Header Files</Filter>
    </ClInclude>
    <ClInclude Include="Map.h">
      <Filter>Header Files</Filter>
    </ClInclude>
    <ClInclude Include="Ground.h">
      <Filter>Header Files</Filter>
    </ClInclude>
    <ClInclude Include="ColorBox.h">
      <Filter>Header Files</Filter>
    </ClInclude>
    <ClInclude Include="Pipe.h">
      <Filter>Header Files</Filter>
    </ClInclude>
    <ClInclude Include="QuestionBrick.h">
      <Filter>Header Files</Filter>
    </ClInclude>
    <ClInclude Include="WeakBrick.h">
      <Filter>Header Files</Filter>
    </ClInclude>
    <ClInclude Include="CloudBrick.h">
      <Filter>Header Files</Filter>
    </ClInclude>
    <ClInclude Include="Item.h">
      <Filter>Header Files</Filter>
    </ClInclude>
    <ClInclude Include="FireBullet.h">
      <Filter>Header Files</Filter>
    </ClInclude>
    <ClInclude Include="MarioBullet.h">
      <Filter>Header Files</Filter>
    </ClInclude>
    <ClInclude Include="MarioWeapon.h">
      <Filter>Header Files</Filter>
    </ClInclude>
    <ClInclude Include="Enemy.h">
      <Filter>Header Files</Filter>
    </ClInclude>
    <ClInclude Include="Coin.h">
      <Filter>Header Files</Filter>
    </ClInclude>
    <ClInclude Include="EffectsFire.h">
      <Filter>Header Files</Filter>
    </ClInclude>
    <ClInclude Include="ListEffects.h">
      <Filter>Header Files</Filter>
    </ClInclude>
    <ClInclude Include="EffectPoint.h">
      <Filter>Header Files</Filter>
    </ClInclude>
    <ClInclude Include="MarioTail.h">
      <Filter>Header Files</Filter>
    </ClInclude>
    <ClInclude Include="Leaf.h">
      <Filter>Header Files</Filter>
    </ClInclude>
    <ClInclude Include="Mushroom.h">
      <Filter>Header Files</Filter>
    </ClInclude>
    <ClInclude Include="define.h">
      <Filter>Header Files</Filter>
    </ClInclude>
    <ClInclude Include="EffectHitTail.h">
      <Filter>Header Files</Filter>
    </ClInclude>
    <ClInclude Include="P_Switch.h">
      <Filter>Header Files</Filter>
    </ClInclude>
    <ClInclude Include="Grid.h">
      <Filter>Header Files</Filter>
    </ClInclude>
    <ClInclude Include="BoardGame.h">
      <Filter>Source Files\BoardGame</Filter>
    </ClInclude>
    <ClInclude Include="CarretSpeed.h">
      <Filter>Source Files\BoardGame</Filter>
    </ClInclude>
    <ClInclude Include="PMaxSpeed.h">
      <Filter>Source Files\BoardGame</Filter>
    </ClInclude>
    <ClInclude Include="Letter.h">
      <Filter>Source Files\BoardGame</Filter>
    </ClInclude>
    <ClInclude Include="Number.h">
      <Filter>Source Files\BoardGame</Filter>
    </ClInclude>
    <ClInclude Include="BoardAddSprite.h">
      <Filter>Source Files\BoardGame</Filter>
    </ClInclude>
  </ItemGroup>
</Project>